
Microsoft Visual Studio Solution File, Format Version 12.00
# Visual Studio Version 16
VisualStudioVersion = 16.0.30804.86
MinimumVisualStudioVersion = 10.0.40219.1
Project("{FAE04EC0-301F-11D3-BF4B-00C04F79EFBC}") = "HW", "HW.csproj", "{723A1412-6367-469F-9B31-69D53CC7CD45}"
EndProject
Project("{FAE04EC0-301F-11D3-BF4B-00C04F79EFBC}") = "ClassLib", "..\ClassLib\ClassLib.csproj", "{374E9A56-9055-4121-8A0B-25F96D1BCAC5}"
EndProject
Global
	GlobalSection(SolutionConfigurationPlatforms) = preSolution
		Debug|Any CPU = Debug|Any CPU
		Release|Any CPU = Release|Any CPU
	EndGlobalSection
	GlobalSection(ProjectConfigurationPlatforms) = postSolution
		{723A1412-6367-469F-9B31-69D53CC7CD45}.Debug|Any CPU.ActiveCfg = Debug|Any CPU
		{723A1412-6367-469F-9B31-69D53CC7CD45}.Debug|Any CPU.Build.0 = Debug|Any CPU
		{723A1412-6367-469F-9B31-69D53CC7CD45}.Release|Any CPU.ActiveCfg = Release|Any CPU
		{723A1412-6367-469F-9B31-69D53CC7CD45}.Release|Any CPU.Build.0 = Release|Any CPU
		{374E9A56-9055-4121-8A0B-25F96D1BCAC5}.Debug|Any CPU.ActiveCfg = Debug|Any CPU
		{374E9A56-9055-4121-8A0B-25F96D1BCAC5}.Debug|Any CPU.Build.0 = Debug|Any CPU
		{374E9A56-9055-4121-8A0B-25F96D1BCAC5}.Release|Any CPU.ActiveCfg = Release|Any CPU
		{374E9A56-9055-4121-8A0B-25F96D1BCAC5}.Release|Any CPU.Build.0 = Release|Any CPU
	EndGlobalSection
	GlobalSection(SolutionProperties) = preSolution
		HideSolutionNode = FALSE
	EndGlobalSection
	GlobalSection(ExtensibilityGlobals) = postSolution
		SolutionGuid = {B7B91F2F-E11F-4A6F-A71A-3DA953D96D65}
	EndGlobalSection
EndGlobal
